
Microsoft Visual Studio Solution File, Format Version 12.00
# Visual Studio Version 17
VisualStudioVersion = 17.2.32427.441
MinimumVisualStudioVersion = 10.0.40219.1
Project("{FAE04EC0-301F-11D3-BF4B-00C04F79EFBC}") = "SwaggerGenTests", "SwaggerGenTests\SwaggerGenTests.csproj", "{6AA8D62A-6114-4903-8D93-D03F141C86FD}"
EndProject
Global
	GlobalSection(SolutionConfigurationPlatforms) = preSolution
		Debug|Any CPU = Debug|Any CPU
		Release|Any CPU = Release|Any CPU
	EndGlobalSection
	GlobalSection(ProjectConfigurationPlatforms) = postSolution
		{6AA8D62A-6114-4903-8D93-D03F141C86FD}.Debug|Any CPU.ActiveCfg = Debug|Any CPU
		{6AA8D62A-6114-4903-8D93-D03F141C86FD}.Debug|Any CPU.Build.0 = Debug|Any CPU
		{6AA8D62A-6114-4903-8D93-D03F141C86FD}.Release|Any CPU.ActiveCfg = Release|Any CPU
		{6AA8D62A-6114-4903-8D93-D03F141C86FD}.Release|Any CPU.Build.0 = Release|Any CPU
	EndGlobalSection
	GlobalSection(SolutionProperties) = preSolution
		HideSolutionNode = FALSE
	EndGlobalSection
	GlobalSection(ExtensibilityGlobals) = postSolution
		SolutionGuid = {B35AE637-91CA-4E92-9171-CED19F1BE493}
	EndGlobalSection
EndGlobal
